// !$*UTF8*$!
{
	archiveVersion = 1;
	classes = {
	};
	objectVersion = 50;
	objects = {

/* Begin PBXBuildFile section */
		1A873A8F2203B33300AD6B74 /* AppDelegate.swift in Sources */ = {isa = PBXBuildFile; fileRef = 1A873A8E2203B33300AD6B74 /* AppDelegate.swift */; };
		1A873A932203B33300AD6B74 /* Actions.sks in Resources */ = {isa = PBXBuildFile; fileRef = 1A873A922203B33300AD6B74 /* Actions.sks */; };
		1A873A952203B33300AD6B74 /* GameScene.swift in Sources */ = {isa = PBXBuildFile; fileRef = 1A873A942203B33300AD6B74 /* GameScene.swift */; };
		1A873A972203B33300AD6B74 /* GameViewController.swift in Sources */ = {isa = PBXBuildFile; fileRef = 1A873A962203B33300AD6B74 /* GameViewController.swift */; };
		1A873A9A2203B33300AD6B74 /* Main.storyboard in Resources */ = {isa = PBXBuildFile; fileRef = 1A873A982203B33300AD6B74 /* Main.storyboard */; };
		1A873A9C2203B33300AD6B74 /* Assets.xcassets in Resources */ = {isa = PBXBuildFile; fileRef = 1A873A9B2203B33300AD6B74 /* Assets.xcassets */; };
		1A873A9F2203B33300AD6B74 /* LaunchScreen.storyboard in Resources */ = {isa = PBXBuildFile; fileRef = 1A873A9D2203B33300AD6B74 /* LaunchScreen.storyboard */; };
		1A873AAA2203B33300AD6B74 /* RTPSTests.swift in Sources */ = {isa = PBXBuildFile; fileRef = 1A873AA92203B33300AD6B74 /* RTPSTests.swift */; };
		1A873AB52203B33300AD6B74 /* RTPSUITests.swift in Sources */ = {isa = PBXBuildFile; fileRef = 1A873AB42203B33300AD6B74 /* RTPSUITests.swift */; };
		1AA6FDFE220CEB74002EF27B /* libsqlite3.tbd in Frameworks */ = {isa = PBXBuildFile; fileRef = 1AA6FDFD220CEB74002EF27B /* libsqlite3.tbd */; };
		1AA6FE00220CEB7F002EF27B /* libz.tbd in Frameworks */ = {isa = PBXBuildFile; fileRef = 1AA6FDFF220CEB7F002EF27B /* libz.tbd */; };
		1AA6FE02220CEB88002EF27B /* StoreKit.framework in Frameworks */ = {isa = PBXBuildFile; fileRef = 1AA6FE01220CEB88002EF27B /* StoreKit.framework */; };
		1AA6FE12220CEF27002EF27B /* GoogleService-Info.plist in Resources */ = {isa = PBXBuildFile; fileRef = 1AA6FE11220CEF27002EF27B /* GoogleService-Info.plist */; };

		897F8504225FC70B00AF9883 /* Enemy.swift in Sources */ = {isa = PBXBuildFile; fileRef = 897F8503225FC70B00AF9883 /* Enemy.swift */; };
		897F8506225FCE3800AF9883 /* Player.swift in Sources */ = {isa = PBXBuildFile; fileRef = 897F8505225FCE3800AF9883 /* Player.swift */; };
		897F8508225FEC9200AF9883 /* Gun.swift in Sources */ = {isa = PBXBuildFile; fileRef = 897F8507225FEC9200AF9883 /* Gun.swift */; };

		1ABC853B225FC73300716AEF /* EEJoyStick.swift in Sources */ = {isa = PBXBuildFile; fileRef = 1ABC853A225FC73300716AEF /* EEJoyStick.swift */; };
		1ABC853F225FD2AA00716AEF /* LevelScene.swift in Sources */ = {isa = PBXBuildFile; fileRef = 1ABC853E225FD2AA00716AEF /* LevelScene.swift */; };

/* End PBXBuildFile section */

/* Begin PBXContainerItemProxy section */
		1A873AA62203B33300AD6B74 /* PBXContainerItemProxy */ = {
			isa = PBXContainerItemProxy;
			containerPortal = 1A873A832203B33300AD6B74 /* Project object */;
			proxyType = 1;
			remoteGlobalIDString = 1A873A8A2203B33300AD6B74;
			remoteInfo = RTPS;
		};
		1A873AB12203B33300AD6B74 /* PBXContainerItemProxy */ = {
			isa = PBXContainerItemProxy;
			containerPortal = 1A873A832203B33300AD6B74 /* Project object */;
			proxyType = 1;
			remoteGlobalIDString = 1A873A8A2203B33300AD6B74;
			remoteInfo = RTPS;
		};
/* End PBXContainerItemProxy section */

/* Begin PBXFileReference section */
		1A144C30220CE18300FB4731 /* Firebase.h */ = {isa = PBXFileReference; fileEncoding = 4; lastKnownFileType = sourcecode.c.h; path = Firebase.h; sourceTree = "<group>"; };
		1A144C31220CE1B300FB4731 /* module.modulemap */ = {isa = PBXFileReference; fileEncoding = 4; lastKnownFileType = "sourcecode.module-map"; path = module.modulemap; sourceTree = "<group>"; };
		1A873A8B2203B33300AD6B74 /* RTPS.app */ = {isa = PBXFileReference; explicitFileType = wrapper.application; includeInIndex = 0; path = RTPS.app; sourceTree = BUILT_PRODUCTS_DIR; };
		1A873A8E2203B33300AD6B74 /* AppDelegate.swift */ = {isa = PBXFileReference; lastKnownFileType = sourcecode.swift; path = AppDelegate.swift; sourceTree = "<group>"; usesTabs = 0; };
		1A873A922203B33300AD6B74 /* Actions.sks */ = {isa = PBXFileReference; lastKnownFileType = file.sks; path = Actions.sks; sourceTree = "<group>"; };
		1A873A942203B33300AD6B74 /* GameScene.swift */ = {isa = PBXFileReference; lastKnownFileType = sourcecode.swift; path = GameScene.swift; sourceTree = "<group>"; };
		1A873A962203B33300AD6B74 /* GameViewController.swift */ = {isa = PBXFileReference; lastKnownFileType = sourcecode.swift; path = GameViewController.swift; sourceTree = "<group>"; };
		1A873A992203B33300AD6B74 /* Base */ = {isa = PBXFileReference; lastKnownFileType = file.storyboard; name = Base; path = Base.lproj/Main.storyboard; sourceTree = "<group>"; };
		1A873A9B2203B33300AD6B74 /* Assets.xcassets */ = {isa = PBXFileReference; lastKnownFileType = folder.assetcatalog; path = Assets.xcassets; sourceTree = "<group>"; };
		1A873A9E2203B33300AD6B74 /* Base */ = {isa = PBXFileReference; lastKnownFileType = file.storyboard; name = Base; path = Base.lproj/LaunchScreen.storyboard; sourceTree = "<group>"; };
		1A873AA02203B33300AD6B74 /* Info.plist */ = {isa = PBXFileReference; lastKnownFileType = text.plist.xml; path = Info.plist; sourceTree = "<group>"; };
		1A873AA52203B33300AD6B74 /* RTPSTests.xctest */ = {isa = PBXFileReference; explicitFileType = wrapper.cfbundle; includeInIndex = 0; path = RTPSTests.xctest; sourceTree = BUILT_PRODUCTS_DIR; };
		1A873AA92203B33300AD6B74 /* RTPSTests.swift */ = {isa = PBXFileReference; lastKnownFileType = sourcecode.swift; path = RTPSTests.swift; sourceTree = "<group>"; };
		1A873AAB2203B33300AD6B74 /* Info.plist */ = {isa = PBXFileReference; lastKnownFileType = text.plist.xml; path = Info.plist; sourceTree = "<group>"; };
		1A873AB02203B33300AD6B74 /* RTPSUITests.xctest */ = {isa = PBXFileReference; explicitFileType = wrapper.cfbundle; includeInIndex = 0; path = RTPSUITests.xctest; sourceTree = BUILT_PRODUCTS_DIR; };
		1A873AB42203B33300AD6B74 /* RTPSUITests.swift */ = {isa = PBXFileReference; lastKnownFileType = sourcecode.swift; path = RTPSUITests.swift; sourceTree = "<group>"; };
		1A873AB62203B33300AD6B74 /* Info.plist */ = {isa = PBXFileReference; lastKnownFileType = text.plist.xml; path = Info.plist; sourceTree = "<group>"; };
		1AA6FDFD220CEB74002EF27B /* libsqlite3.tbd */ = {isa = PBXFileReference; lastKnownFileType = "sourcecode.text-based-dylib-definition"; name = libsqlite3.tbd; path = usr/lib/libsqlite3.tbd; sourceTree = SDKROOT; };
		1AA6FDFF220CEB7F002EF27B /* libz.tbd */ = {isa = PBXFileReference; lastKnownFileType = "sourcecode.text-based-dylib-definition"; name = libz.tbd; path = usr/lib/libz.tbd; sourceTree = SDKROOT; };
		1AA6FE01220CEB88002EF27B /* StoreKit.framework */ = {isa = PBXFileReference; lastKnownFileType = wrapper.framework; name = StoreKit.framework; path = System/Library/Frameworks/StoreKit.framework; sourceTree = SDKROOT; };
		1AA6FE11220CEF27002EF27B /* GoogleService-Info.plist */ = {isa = PBXFileReference; fileEncoding = 4; lastKnownFileType = text.plist.xml; path = "GoogleService-Info.plist"; sourceTree = "<group>"; };

		897F8503225FC70B00AF9883 /* Enemy.swift */ = {isa = PBXFileReference; lastKnownFileType = sourcecode.swift; path = Enemy.swift; sourceTree = "<group>"; };
		897F8505225FCE3800AF9883 /* Player.swift */ = {isa = PBXFileReference; lastKnownFileType = sourcecode.swift; path = Player.swift; sourceTree = "<group>"; };
		897F8507225FEC9200AF9883 /* Gun.swift */ = {isa = PBXFileReference; lastKnownFileType = sourcecode.swift; path = Gun.swift; sourceTree = "<group>"; };

		1ABC853A225FC73300716AEF /* EEJoyStick.swift */ = {isa = PBXFileReference; fileEncoding = 4; lastKnownFileType = sourcecode.swift; path = EEJoyStick.swift; sourceTree = "<group>"; };
		1ABC853E225FD2AA00716AEF /* LevelScene.swift */ = {isa = PBXFileReference; fileEncoding = 4; lastKnownFileType = sourcecode.swift; path = LevelScene.swift; sourceTree = "<group>"; };

/* End PBXFileReference section */

/* Begin PBXFrameworksBuildPhase section */
		1A873A882203B33300AD6B74 /* Frameworks */ = {
			isa = PBXFrameworksBuildPhase;
			buildActionMask = 2147483647;
			files = (
				1AA6FE02220CEB88002EF27B /* StoreKit.framework in Frameworks */,
				1AA6FE00220CEB7F002EF27B /* libz.tbd in Frameworks */,
				1AA6FDFE220CEB74002EF27B /* libsqlite3.tbd in Frameworks */,
			);
			runOnlyForDeploymentPostprocessing = 0;
		};
		1A873AA22203B33300AD6B74 /* Frameworks */ = {
			isa = PBXFrameworksBuildPhase;
			buildActionMask = 2147483647;
			files = (
			);
			runOnlyForDeploymentPostprocessing = 0;
		};
		1A873AAD2203B33300AD6B74 /* Frameworks */ = {
			isa = PBXFrameworksBuildPhase;
			buildActionMask = 2147483647;
			files = (
			);
			runOnlyForDeploymentPostprocessing = 0;
		};
/* End PBXFrameworksBuildPhase section */

/* Begin PBXGroup section */
		1A873A822203B33300AD6B74 = {
			isa = PBXGroup;
			children = (
				1A873A8D2203B33300AD6B74 /* RTPS */,
				1A873AA82203B33300AD6B74 /* RTPSTests */,
				1A873AB32203B33300AD6B74 /* RTPSUITests */,
				1A873A8C2203B33300AD6B74 /* Products */,
				1AA6FDFC220CEB74002EF27B /* Frameworks */,
			);
			sourceTree = "<group>";
		};
		1A873A8C2203B33300AD6B74 /* Products */ = {
			isa = PBXGroup;
			children = (
				1A873A8B2203B33300AD6B74 /* RTPS.app */,
				1A873AA52203B33300AD6B74 /* RTPSTests.xctest */,
				1A873AB02203B33300AD6B74 /* RTPSUITests.xctest */,
			);
			name = Products;
			sourceTree = "<group>";
		};
		1A873A8D2203B33300AD6B74 /* RTPS */ = {
			isa = PBXGroup;
			children = (

				897F8507225FEC9200AF9883 /* Gun.swift */,
				897F8505225FCE3800AF9883 /* Player.swift */,
				897F8503225FC70B00AF9883 /* Enemy.swift */,

				1ABC853E225FD2AA00716AEF /* LevelScene.swift */,
				1ABC853A225FC73300716AEF /* EEJoyStick.swift */,

				1A144C31220CE1B300FB4731 /* module.modulemap */,
				1A144C30220CE18300FB4731 /* Firebase.h */,
				1A873A8E2203B33300AD6B74 /* AppDelegate.swift */,
				1A873A922203B33300AD6B74 /* Actions.sks */,
				1A873A942203B33300AD6B74 /* GameScene.swift */,
				1A873A962203B33300AD6B74 /* GameViewController.swift */,
				1A873A982203B33300AD6B74 /* Main.storyboard */,
				1A873A9B2203B33300AD6B74 /* Assets.xcassets */,
				1A873A9D2203B33300AD6B74 /* LaunchScreen.storyboard */,
				1A873AA02203B33300AD6B74 /* Info.plist */,
				1AA6FE11220CEF27002EF27B /* GoogleService-Info.plist */,
			);
			path = RTPS;
			sourceTree = "<group>";
		};
		1A873AA82203B33300AD6B74 /* RTPSTests */ = {
			isa = PBXGroup;
			children = (
				1A873AA92203B33300AD6B74 /* RTPSTests.swift */,
				1A873AAB2203B33300AD6B74 /* Info.plist */,
			);
			path = RTPSTests;
			sourceTree = "<group>";
		};
		1A873AB32203B33300AD6B74 /* RTPSUITests */ = {
			isa = PBXGroup;
			children = (
				1A873AB42203B33300AD6B74 /* RTPSUITests.swift */,
				1A873AB62203B33300AD6B74 /* Info.plist */,
			);
			path = RTPSUITests;
			sourceTree = "<group>";
		};
		1AA6FDFC220CEB74002EF27B /* Frameworks */ = {
			isa = PBXGroup;
			children = (
				1AA6FE01220CEB88002EF27B /* StoreKit.framework */,
				1AA6FDFF220CEB7F002EF27B /* libz.tbd */,
				1AA6FDFD220CEB74002EF27B /* libsqlite3.tbd */,
			);
			name = Frameworks;
			sourceTree = "<group>";
		};
/* End PBXGroup section */

/* Begin PBXNativeTarget section */
		1A873A8A2203B33300AD6B74 /* RTPS */ = {
			isa = PBXNativeTarget;
			buildConfigurationList = 1A873AB92203B33300AD6B74 /* Build configuration list for PBXNativeTarget "RTPS" */;
			buildPhases = (
				1A873A872203B33300AD6B74 /* Sources */,
				1A873A882203B33300AD6B74 /* Frameworks */,
				1A873A892203B33300AD6B74 /* Resources */,
			);
			buildRules = (
			);
			dependencies = (
			);
			name = RTPS;
			productName = RTPS;
			productReference = 1A873A8B2203B33300AD6B74 /* RTPS.app */;
			productType = "com.apple.product-type.application";
		};
		1A873AA42203B33300AD6B74 /* RTPSTests */ = {
			isa = PBXNativeTarget;
			buildConfigurationList = 1A873ABC2203B33300AD6B74 /* Build configuration list for PBXNativeTarget "RTPSTests" */;
			buildPhases = (
				1A873AA12203B33300AD6B74 /* Sources */,
				1A873AA22203B33300AD6B74 /* Frameworks */,
				1A873AA32203B33300AD6B74 /* Resources */,
			);
			buildRules = (
			);
			dependencies = (
				1A873AA72203B33300AD6B74 /* PBXTargetDependency */,
			);
			name = RTPSTests;
			productName = RTPSTests;
			productReference = 1A873AA52203B33300AD6B74 /* RTPSTests.xctest */;
			productType = "com.apple.product-type.bundle.unit-test";
		};
		1A873AAF2203B33300AD6B74 /* RTPSUITests */ = {
			isa = PBXNativeTarget;
			buildConfigurationList = 1A873ABF2203B33300AD6B74 /* Build configuration list for PBXNativeTarget "RTPSUITests" */;
			buildPhases = (
				1A873AAC2203B33300AD6B74 /* Sources */,
				1A873AAD2203B33300AD6B74 /* Frameworks */,
				1A873AAE2203B33300AD6B74 /* Resources */,
			);
			buildRules = (
			);
			dependencies = (
				1A873AB22203B33300AD6B74 /* PBXTargetDependency */,
			);
			name = RTPSUITests;
			productName = RTPSUITests;
			productReference = 1A873AB02203B33300AD6B74 /* RTPSUITests.xctest */;
			productType = "com.apple.product-type.bundle.ui-testing";
		};
/* End PBXNativeTarget section */

/* Begin PBXProject section */
		1A873A832203B33300AD6B74 /* Project object */ = {
			isa = PBXProject;
			attributes = {
				LastSwiftUpdateCheck = 0940;
				LastUpgradeCheck = 0940;
				ORGANIZATIONNAME = "SSG corps.";
				TargetAttributes = {
					1A873A8A2203B33300AD6B74 = {
						CreatedOnToolsVersion = 9.4.1;
					};
					1A873AA42203B33300AD6B74 = {
						CreatedOnToolsVersion = 9.4.1;
						TestTargetID = 1A873A8A2203B33300AD6B74;
					};
					1A873AAF2203B33300AD6B74 = {
						CreatedOnToolsVersion = 9.4.1;
						TestTargetID = 1A873A8A2203B33300AD6B74;
					};
				};
			};
			buildConfigurationList = 1A873A862203B33300AD6B74 /* Build configuration list for PBXProject "RTPS" */;
			compatibilityVersion = "Xcode 9.3";
			developmentRegion = en;
			hasScannedForEncodings = 0;
			knownRegions = (
				en,
				Base,
			);
			mainGroup = 1A873A822203B33300AD6B74;
			productRefGroup = 1A873A8C2203B33300AD6B74 /* Products */;
			projectDirPath = "";
			projectRoot = "";
			targets = (
				1A873A8A2203B33300AD6B74 /* RTPS */,
				1A873AA42203B33300AD6B74 /* RTPSTests */,
				1A873AAF2203B33300AD6B74 /* RTPSUITests */,
			);
		};
/* End PBXProject section */

/* Begin PBXResourcesBuildPhase section */
		1A873A892203B33300AD6B74 /* Resources */ = {
			isa = PBXResourcesBuildPhase;
			buildActionMask = 2147483647;
			files = (
				1A873A9A2203B33300AD6B74 /* Main.storyboard in Resources */,
				1A873A9C2203B33300AD6B74 /* Assets.xcassets in Resources */,
				1A873A9F2203B33300AD6B74 /* LaunchScreen.storyboard in Resources */,
				1A873A932203B33300AD6B74 /* Actions.sks in Resources */,
				1AA6FE12220CEF27002EF27B /* GoogleService-Info.plist in Resources */,
			);
			runOnlyForDeploymentPostprocessing = 0;
		};
		1A873AA32203B33300AD6B74 /* Resources */ = {
			isa = PBXResourcesBuildPhase;
			buildActionMask = 2147483647;
			files = (
			);
			runOnlyForDeploymentPostprocessing = 0;
		};
		1A873AAE2203B33300AD6B74 /* Resources */ = {
			isa = PBXResourcesBuildPhase;
			buildActionMask = 2147483647;
			files = (
			);
			runOnlyForDeploymentPostprocessing = 0;
		};
/* End PBXResourcesBuildPhase section */

/* Begin PBXSourcesBuildPhase section */
		1A873A872203B33300AD6B74 /* Sources */ = {
			isa = PBXSourcesBuildPhase;
			buildActionMask = 2147483647;
			files = (
				897F8504225FC70B00AF9883 /* Enemy.swift in Sources */,
				1A873A952203B33300AD6B74 /* GameScene.swift in Sources */,
				1ABC853B225FC73300716AEF /* EEJoyStick.swift in Sources */,
				1A873A972203B33300AD6B74 /* GameViewController.swift in Sources */,
				897F8506225FCE3800AF9883 /* Player.swift in Sources */,
				897F8508225FEC9200AF9883 /* Gun.swift in Sources */,
				1A873A8F2203B33300AD6B74 /* AppDelegate.swift in Sources */,
				1ABC853F225FD2AA00716AEF /* LevelScene.swift in Sources */,
			);
			runOnlyForDeploymentPostprocessing = 0;
		};
		1A873AA12203B33300AD6B74 /* Sources */ = {
			isa = PBXSourcesBuildPhase;
			buildActionMask = 2147483647;
			files = (
				1A873AAA2203B33300AD6B74 /* RTPSTests.swift in Sources */,
			);
			runOnlyForDeploymentPostprocessing = 0;
		};
		1A873AAC2203B33300AD6B74 /* Sources */ = {
			isa = PBXSourcesBuildPhase;
			buildActionMask = 2147483647;
			files = (
				1A873AB52203B33300AD6B74 /* RTPSUITests.swift in Sources */,
			);
			runOnlyForDeploymentPostprocessing = 0;
		};
/* End PBXSourcesBuildPhase section */

/* Begin PBXTargetDependency section */
		1A873AA72203B33300AD6B74 /* PBXTargetDependency */ = {
			isa = PBXTargetDependency;
			target = 1A873A8A2203B33300AD6B74 /* RTPS */;
			targetProxy = 1A873AA62203B33300AD6B74 /* PBXContainerItemProxy */;
		};
		1A873AB22203B33300AD6B74 /* PBXTargetDependency */ = {
			isa = PBXTargetDependency;
			target = 1A873A8A2203B33300AD6B74 /* RTPS */;
			targetProxy = 1A873AB12203B33300AD6B74 /* PBXContainerItemProxy */;
		};
/* End PBXTargetDependency section */

/* Begin PBXVariantGroup section */
		1A873A982203B33300AD6B74 /* Main.storyboard */ = {
			isa = PBXVariantGroup;
			children = (
				1A873A992203B33300AD6B74 /* Base */,
			);
			name = Main.storyboard;
			sourceTree = "<group>";
		};
		1A873A9D2203B33300AD6B74 /* LaunchScreen.storyboard */ = {
			isa = PBXVariantGroup;
			children = (
				1A873A9E2203B33300AD6B74 /* Base */,
			);
			name = LaunchScreen.storyboard;
			sourceTree = "<group>";
		};
/* End PBXVariantGroup section */

/* Begin XCBuildConfiguration section */
		1A873AB72203B33300AD6B74 /* Debug */ = {
			isa = XCBuildConfiguration;
			buildSettings = {
				ALWAYS_SEARCH_USER_PATHS = NO;
				CLANG_ANALYZER_NONNULL = YES;
				CLANG_ANALYZER_NUMBER_OBJECT_CONVERSION = YES_AGGRESSIVE;
				CLANG_CXX_LANGUAGE_STANDARD = "gnu++14";
				CLANG_CXX_LIBRARY = "libc++";
				CLANG_ENABLE_MODULES = YES;
				CLANG_ENABLE_OBJC_ARC = YES;
				CLANG_ENABLE_OBJC_WEAK = YES;
				CLANG_WARN_BLOCK_CAPTURE_AUTORELEASING = YES;
				CLANG_WARN_BOOL_CONVERSION = YES;
				CLANG_WARN_COMMA = YES;
				CLANG_WARN_CONSTANT_CONVERSION = YES;
				CLANG_WARN_DEPRECATED_OBJC_IMPLEMENTATIONS = YES;
				CLANG_WARN_DIRECT_OBJC_ISA_USAGE = YES_ERROR;
				CLANG_WARN_DOCUMENTATION_COMMENTS = YES;
				CLANG_WARN_EMPTY_BODY = YES;
				CLANG_WARN_ENUM_CONVERSION = YES;
				CLANG_WARN_INFINITE_RECURSION = YES;
				CLANG_WARN_INT_CONVERSION = YES;
				CLANG_WARN_NON_LITERAL_NULL_CONVERSION = YES;
				CLANG_WARN_OBJC_IMPLICIT_RETAIN_SELF = YES;
				CLANG_WARN_OBJC_LITERAL_CONVERSION = YES;
				CLANG_WARN_OBJC_ROOT_CLASS = YES_ERROR;
				CLANG_WARN_RANGE_LOOP_ANALYSIS = YES;
				CLANG_WARN_STRICT_PROTOTYPES = YES;
				CLANG_WARN_SUSPICIOUS_MOVE = YES;
				CLANG_WARN_UNGUARDED_AVAILABILITY = YES_AGGRESSIVE;
				CLANG_WARN_UNREACHABLE_CODE = YES;
				CLANG_WARN__DUPLICATE_METHOD_MATCH = YES;
				CODE_SIGN_IDENTITY = "iPhone Developer";
				COPY_PHASE_STRIP = NO;
				DEBUG_INFORMATION_FORMAT = dwarf;
				ENABLE_STRICT_OBJC_MSGSEND = YES;
				ENABLE_TESTABILITY = YES;
				GCC_C_LANGUAGE_STANDARD = gnu11;
				GCC_DYNAMIC_NO_PIC = NO;
				GCC_NO_COMMON_BLOCKS = YES;
				GCC_OPTIMIZATION_LEVEL = 0;
				GCC_PREPROCESSOR_DEFINITIONS = (
					"DEBUG=1",
					"$(inherited)",
				);
				GCC_WARN_64_TO_32_BIT_CONVERSION = YES;
				GCC_WARN_ABOUT_RETURN_TYPE = YES_ERROR;
				GCC_WARN_UNDECLARED_SELECTOR = YES;
				GCC_WARN_UNINITIALIZED_AUTOS = YES_AGGRESSIVE;
				GCC_WARN_UNUSED_FUNCTION = YES;
				GCC_WARN_UNUSED_VARIABLE = YES;
				IPHONEOS_DEPLOYMENT_TARGET = 11.4;
				MTL_ENABLE_DEBUG_INFO = YES;
				ONLY_ACTIVE_ARCH = YES;
				SDKROOT = iphoneos;
				SWIFT_ACTIVE_COMPILATION_CONDITIONS = DEBUG;
				SWIFT_OPTIMIZATION_LEVEL = "-Onone";
			};
			name = Debug;
		};
		1A873AB82203B33300AD6B74 /* Release */ = {
			isa = XCBuildConfiguration;
			buildSettings = {
				ALWAYS_SEARCH_USER_PATHS = NO;
				CLANG_ANALYZER_NONNULL = YES;
				CLANG_ANALYZER_NUMBER_OBJECT_CONVERSION = YES_AGGRESSIVE;
				CLANG_CXX_LANGUAGE_STANDARD = "gnu++14";
				CLANG_CXX_LIBRARY = "libc++";
				CLANG_ENABLE_MODULES = YES;
				CLANG_ENABLE_OBJC_ARC = YES;
				CLANG_ENABLE_OBJC_WEAK = YES;
				CLANG_WARN_BLOCK_CAPTURE_AUTORELEASING = YES;
				CLANG_WARN_BOOL_CONVERSION = YES;
				CLANG_WARN_COMMA = YES;
				CLANG_WARN_CONSTANT_CONVERSION = YES;
				CLANG_WARN_DEPRECATED_OBJC_IMPLEMENTATIONS = YES;
				CLANG_WARN_DIRECT_OBJC_ISA_USAGE = YES_ERROR;
				CLANG_WARN_DOCUMENTATION_COMMENTS = YES;
				CLANG_WARN_EMPTY_BODY = YES;
				CLANG_WARN_ENUM_CONVERSION = YES;
				CLANG_WARN_INFINITE_RECURSION = YES;
				CLANG_WARN_INT_CONVERSION = YES;
				CLANG_WARN_NON_LITERAL_NULL_CONVERSION = YES;
				CLANG_WARN_OBJC_IMPLICIT_RETAIN_SELF = YES;
				CLANG_WARN_OBJC_LITERAL_CONVERSION = YES;
				CLANG_WARN_OBJC_ROOT_CLASS = YES_ERROR;
				CLANG_WARN_RANGE_LOOP_ANALYSIS = YES;
				CLANG_WARN_STRICT_PROTOTYPES = YES;
				CLANG_WARN_SUSPICIOUS_MOVE = YES;
				CLANG_WARN_UNGUARDED_AVAILABILITY = YES_AGGRESSIVE;
				CLANG_WARN_UNREACHABLE_CODE = YES;
				CLANG_WARN__DUPLICATE_METHOD_MATCH = YES;
				CODE_SIGN_IDENTITY = "iPhone Developer";
				COPY_PHASE_STRIP = NO;
				DEBUG_INFORMATION_FORMAT = "dwarf-with-dsym";
				ENABLE_NS_ASSERTIONS = NO;
				ENABLE_STRICT_OBJC_MSGSEND = YES;
				GCC_C_LANGUAGE_STANDARD = gnu11;
				GCC_NO_COMMON_BLOCKS = YES;
				GCC_WARN_64_TO_32_BIT_CONVERSION = YES;
				GCC_WARN_ABOUT_RETURN_TYPE = YES_ERROR;
				GCC_WARN_UNDECLARED_SELECTOR = YES;
				GCC_WARN_UNINITIALIZED_AUTOS = YES_AGGRESSIVE;
				GCC_WARN_UNUSED_FUNCTION = YES;
				GCC_WARN_UNUSED_VARIABLE = YES;
				IPHONEOS_DEPLOYMENT_TARGET = 11.4;
				MTL_ENABLE_DEBUG_INFO = NO;
				SDKROOT = iphoneos;
				SWIFT_COMPILATION_MODE = wholemodule;
				SWIFT_OPTIMIZATION_LEVEL = "-O";
				VALIDATE_PRODUCT = YES;
			};
			name = Release;
		};
		1A873ABA2203B33300AD6B74 /* Debug */ = {
			isa = XCBuildConfiguration;
			buildSettings = {
				ASSETCATALOG_COMPILER_APPICON_NAME = AppIcon;
				CODE_SIGN_STYLE = Automatic;
				FRAMEWORK_SEARCH_PATHS = (
					"$(inherited)",
					"$(PROJECT_DIR)/RTPS",
				);
				INFOPLIST_FILE = RTPS/Info.plist;
				LD_RUNPATH_SEARCH_PATHS = (
					"$(inherited)",
					"@executable_path/Frameworks",
				);
				OTHER_LDFLAGS = "-ObjC";
				PRODUCT_BUNDLE_IDENTIFIER = SSG.RTPS;
				PRODUCT_NAME = "$(TARGET_NAME)";
				SWIFT_VERSION = 4.0;
				TARGETED_DEVICE_FAMILY = "1,2";
				USER_HEADER_SEARCH_PATHS = /Users/n01171062/Documents/RTPS/RTPS/RTPS;
			};
			name = Debug;
		};
		1A873ABB2203B33300AD6B74 /* Release */ = {
			isa = XCBuildConfiguration;
			buildSettings = {
				ASSETCATALOG_COMPILER_APPICON_NAME = AppIcon;
				CODE_SIGN_STYLE = Automatic;
				FRAMEWORK_SEARCH_PATHS = (
					"$(inherited)",
					"$(PROJECT_DIR)/RTPS",
				);
				INFOPLIST_FILE = RTPS/Info.plist;
				LD_RUNPATH_SEARCH_PATHS = (
					"$(inherited)",
					"@executable_path/Frameworks",
				);
				OTHER_LDFLAGS = "-ObjC";
				PRODUCT_BUNDLE_IDENTIFIER = SSG.RTPS;
				PRODUCT_NAME = "$(TARGET_NAME)";
				SWIFT_VERSION = 4.0;
				TARGETED_DEVICE_FAMILY = "1,2";
				USER_HEADER_SEARCH_PATHS = /Users/n01171062/Documents/RTPS/RTPS/RTPS;
			};
			name = Release;
		};
		1A873ABD2203B33300AD6B74 /* Debug */ = {
			isa = XCBuildConfiguration;
			buildSettings = {
				ALWAYS_EMBED_SWIFT_STANDARD_LIBRARIES = YES;
				BUNDLE_LOADER = "$(TEST_HOST)";
				CODE_SIGN_STYLE = Automatic;
				INFOPLIST_FILE = RTPSTests/Info.plist;
				LD_RUNPATH_SEARCH_PATHS = (
					"$(inherited)",
					"@executable_path/Frameworks",
					"@loader_path/Frameworks",
				);
				PRODUCT_BUNDLE_IDENTIFIER = SSG.RTPSTests;
				PRODUCT_NAME = "$(TARGET_NAME)";
				SWIFT_VERSION = 4.0;
				TARGETED_DEVICE_FAMILY = "1,2";
				TEST_HOST = "$(BUILT_PRODUCTS_DIR)/RTPS.app/RTPS";
			};
			name = Debug;
		};
		1A873ABE2203B33300AD6B74 /* Release */ = {
			isa = XCBuildConfiguration;
			buildSettings = {
				ALWAYS_EMBED_SWIFT_STANDARD_LIBRARIES = YES;
				BUNDLE_LOADER = "$(TEST_HOST)";
				CODE_SIGN_STYLE = Automatic;
				INFOPLIST_FILE = RTPSTests/Info.plist;
				LD_RUNPATH_SEARCH_PATHS = (
					"$(inherited)",
					"@executable_path/Frameworks",
					"@loader_path/Frameworks",
				);
				PRODUCT_BUNDLE_IDENTIFIER = SSG.RTPSTests;
				PRODUCT_NAME = "$(TARGET_NAME)";
				SWIFT_VERSION = 4.0;
				TARGETED_DEVICE_FAMILY = "1,2";
				TEST_HOST = "$(BUILT_PRODUCTS_DIR)/RTPS.app/RTPS";
			};
			name = Release;
		};
		1A873AC02203B33300AD6B74 /* Debug */ = {
			isa = XCBuildConfiguration;
			buildSettings = {
				ALWAYS_EMBED_SWIFT_STANDARD_LIBRARIES = YES;
				CODE_SIGN_STYLE = Automatic;
				INFOPLIST_FILE = RTPSUITests/Info.plist;
				LD_RUNPATH_SEARCH_PATHS = (
					"$(inherited)",
					"@executable_path/Frameworks",
					"@loader_path/Frameworks",
				);
				PRODUCT_BUNDLE_IDENTIFIER = SSG.RTPSUITests;
				PRODUCT_NAME = "$(TARGET_NAME)";
				SWIFT_VERSION = 4.0;
				TARGETED_DEVICE_FAMILY = "1,2";
				TEST_TARGET_NAME = RTPS;
			};
			name = Debug;
		};
		1A873AC12203B33300AD6B74 /* Release */ = {
			isa = XCBuildConfiguration;
			buildSettings = {
				ALWAYS_EMBED_SWIFT_STANDARD_LIBRARIES = YES;
				CODE_SIGN_STYLE = Automatic;
				INFOPLIST_FILE = RTPSUITests/Info.plist;
				LD_RUNPATH_SEARCH_PATHS = (
					"$(inherited)",
					"@executable_path/Frameworks",
					"@loader_path/Frameworks",
				);
				PRODUCT_BUNDLE_IDENTIFIER = SSG.RTPSUITests;
				PRODUCT_NAME = "$(TARGET_NAME)";
				SWIFT_VERSION = 4.0;
				TARGETED_DEVICE_FAMILY = "1,2";
				TEST_TARGET_NAME = RTPS;
			};
			name = Release;
		};
/* End XCBuildConfiguration section */

/* Begin XCConfigurationList section */
		1A873A862203B33300AD6B74 /* Build configuration list for PBXProject "RTPS" */ = {
			isa = XCConfigurationList;
			buildConfigurations = (
				1A873AB72203B33300AD6B74 /* Debug */,
				1A873AB82203B33300AD6B74 /* Release */,
			);
			defaultConfigurationIsVisible = 0;
			defaultConfigurationName = Release;
		};
		1A873AB92203B33300AD6B74 /* Build configuration list for PBXNativeTarget "RTPS" */ = {
			isa = XCConfigurationList;
			buildConfigurations = (
				1A873ABA2203B33300AD6B74 /* Debug */,
				1A873ABB2203B33300AD6B74 /* Release */,
			);
			defaultConfigurationIsVisible = 0;
			defaultConfigurationName = Release;
		};
		1A873ABC2203B33300AD6B74 /* Build configuration list for PBXNativeTarget "RTPSTests" */ = {
			isa = XCConfigurationList;
			buildConfigurations = (
				1A873ABD2203B33300AD6B74 /* Debug */,
				1A873ABE2203B33300AD6B74 /* Release */,
			);
			defaultConfigurationIsVisible = 0;
			defaultConfigurationName = Release;
		};
		1A873ABF2203B33300AD6B74 /* Build configuration list for PBXNativeTarget "RTPSUITests" */ = {
			isa = XCConfigurationList;
			buildConfigurations = (
				1A873AC02203B33300AD6B74 /* Debug */,
				1A873AC12203B33300AD6B74 /* Release */,
			);
			defaultConfigurationIsVisible = 0;
			defaultConfigurationName = Release;
		};
/* End XCConfigurationList section */
	};
	rootObject = 1A873A832203B33300AD6B74 /* Project object */;
}
